
Microsoft Visual Studio Solution File, Format Version 12.00
# Visual Studio Version 16
VisualStudioVersion = 16.0.29411.108
MinimumVisualStudioVersion = 10.0.40219.1
Project("{FAE04EC0-301F-11D3-BF4B-00C04F79EFBC}") = "HertiageWalks.UWP", "HertiageWalks.UWP\HertiageWalks.UWP.csproj", "{7644484C-6F30-4246-AF4D-5D6F4E991FE7}"
EndProject
Project("{FAE04EC0-301F-11D3-BF4B-00C04F79EFBC}") = "HertiageWalks.Android", "HertiageWalks.Android\HertiageWalks.Android.csproj", "{FBA6C823-03EB-49D9-9577-5C135F8AB89D}"
EndProject
Project("{FAE04EC0-301F-11D3-BF4B-00C04F79EFBC}") = "HertiageWalks.iOS", "HertiageWalks.iOS\HertiageWalks.iOS.csproj", "{C0BE3361-1E2C-4D0C-9781-971FCDDD185E}"
EndProject
Project("{FAE04EC0-301F-11D3-BF4B-00C04F79EFBC}") = "HertiageWalks", "HertiageWalks\HertiageWalks.csproj", "{3CB87240-641A-4F53-AB16-D827FF6BBC20}"
EndProject
Global
	GlobalSection(SolutionConfigurationPlatforms) = preSolution
		Debug|Any CPU = Debug|Any CPU
		Debug|ARM = Debug|ARM
		Debug|iPhone = Debug|iPhone
		Debug|iPhoneSimulator = Debug|iPhoneSimulator
		Debug|x64 = Debug|x64
		Debug|x86 = Debug|x86
		Release|Any CPU = Release|Any CPU
		Release|ARM = Release|ARM
		Release|iPhone = Release|iPhone
		Release|iPhoneSimulator = Release|iPhoneSimulator
		Release|x64 = Release|x64
		Release|x86 = Release|x86
	EndGlobalSection
	GlobalSection(ProjectConfigurationPlatforms) = postSolution
		{7644484C-6F30-4246-AF4D-5D6F4E991FE7}.Debug|Any CPU.ActiveCfg = Debug|x86
		{7644484C-6F30-4246-AF4D-5D6F4E991FE7}.Debug|Any CPU.Build.0 = Debug|x86
		{7644484C-6F30-4246-AF4D-5D6F4E991FE7}.Debug|Any CPU.Deploy.0 = Debug|x86
		{7644484C-6F30-4246-AF4D-5D6F4E991FE7}.Debug|ARM.ActiveCfg = Debug|ARM
		{7644484C-6F30-4246-AF4D-5D6F4E991FE7}.Debug|ARM.Build.0 = Debug|ARM
		{7644484C-6F30-4246-AF4D-5D6F4E991FE7}.Debug|ARM.Deploy.0 = Debug|ARM
		{7644484C-6F30-4246-AF4D-5D6F4E991FE7}.Debug|iPhone.ActiveCfg = Debug|x86
		{7644484C-6F30-4246-AF4D-5D6F4E991FE7}.Debug|iPhone.Build.0 = Debug|x86
		{7644484C-6F30-4246-AF4D-5D6F4E991FE7}.Debug|iPhone.Deploy.0 = Debug|x86
		{7644484C-6F30-4246-AF4D-5D6F4E991FE7}.Debug|iPhoneSimulator.ActiveCfg = Debug|x86
		{7644484C-6F30-4246-AF4D-5D6F4E991FE7}.Debug|iPhoneSimulator.Build.0 = Debug|x86
		{7644484C-6F30-4246-AF4D-5D6F4E991FE7}.Debug|iPhoneSimulator.Deploy.0 = Debug|x86
		{7644484C-6F30-4246-AF4D-5D6F4E991FE7}.Debug|x64.ActiveCfg = Debug|x64
		{7644484C-6F30-4246-AF4D-5D6F4E991FE7}.Debug|x64.Build.0 = Debug|x64
		{7644484C-6F30-4246-AF4D-5D6F4E991FE7}.Debug|x64.Deploy.0 = Debug|x64
		{7644484C-6F30-4246-AF4D-5D6F4E991FE7}.Debug|x86.ActiveCfg = Debug|x86
		{7644484C-6F30-4246-AF4D-5D6F4E991FE7}.Debug|x86.Build.0 = Debug|x86
		{7644484C-6F30-4246-AF4D-5D6F4E991FE7}.Debug|x86.Deploy.0 = Debug|x86
		{7644484C-6F30-4246-AF4D-5D6F4E991FE7}.Release|Any CPU.ActiveCfg = Release|x86
		{7644484C-6F30-4246-AF4D-5D6F4E991FE7}.Release|Any CPU.Build.0 = Release|x86
		{7644484C-6F30-4246-AF4D-5D6F4E991FE7}.Release|Any CPU.Deploy.0 = Release|x86
		{7644484C-6F30-4246-AF4D-5D6F4E991FE7}.Release|ARM.ActiveCfg = Release|ARM
		{7644484C-6F30-4246-AF4D-5D6F4E991FE7}.Release|ARM.Build.0 = Release|ARM
		{7644484C-6F30-4246-AF4D-5D6F4E991FE7}.Release|ARM.Deploy.0 = Release|ARM
		{7644484C-6F30-4246-AF4D-5D6F4E991FE7}.Release|iPhone.ActiveCfg = Release|x86
		{7644484C-6F30-4246-AF4D-5D6F4E991FE7}.Release|iPhone.Build.0 = Release|x86
		{7644484C-6F30-4246-AF4D-5D6F4E991FE7}.Release|iPhone.Deploy.0 = Release|x86
		{7644484C-6F30-4246-AF4D-5D6F4E991FE7}.Release|iPhoneSimulator.ActiveCfg = Release|x86
		{7644484C-6F30-4246-AF4D-5D6F4E991FE7}.Release|iPhoneSimulator.Build.0 = Release|x86
		{7644484C-6F30-4246-AF4D-5D6F4E991FE7}.Release|iPhoneSimulator.Deploy.0 = Release|x86
		{7644484C-6F30-4246-AF4D-5D6F4E991FE7}.Release|x64.ActiveCfg = Release|x64
		{7644484C-6F30-4246-AF4D-5D6F4E991FE7}.Release|x64.Build.0 = Release|x64
		{7644484C-6F30-4246-AF4D-5D6F4E991FE7}.Release|x64.Deploy.0 = Release|x64
		{7644484C-6F30-4246-AF4D-5D6F4E991FE7}.Release|x86.ActiveCfg = Release|x86
		{7644484C-6F30-4246-AF4D-5D6F4E991FE7}.Release|x86.Build.0 = Release|x86
		{7644484C-6F30-4246-AF4D-5D6F4E991FE7}.Release|x86.Deploy.0 = Release|x86
		{FBA6C823-03EB-49D9-9577-5C135F8AB89D}.Debug|Any CPU.ActiveCfg = Debug|Any CPU
		{FBA6C823-03EB-49D9-9577-5C135F8AB89D}.Debug|Any CPU.Build.0 = Debug|Any CPU
		{FBA6C823-03EB-49D9-9577-5C135F8AB89D}.Debug|Any CPU.Deploy.0 = Debug|Any CPU
		{FBA6C823-03EB-49D9-9577-5C135F8AB89D}.Debug|ARM.ActiveCfg = Debug|Any CPU
		{FBA6C823-03EB-49D9-9577-5C135F8AB89D}.Debug|ARM.Build.0 = Debug|Any CPU
		{FBA6C823-03EB-49D9-9577-5C135F8AB89D}.Debug|ARM.Deploy.0 = Debug|Any CPU
		{FBA6C823-03EB-49D9-9577-5C135F8AB89D}.Debug|iPhone.ActiveCfg = Debug|Any CPU
		{FBA6C823-03EB-49D9-9577-5C135F8AB89D}.Debug|iPhone.Build.0 = Debug|Any CPU
		{FBA6C823-03EB-49D9-9577-5C135F8AB89D}.Debug|iPhone.Deploy.0 = Debug|Any CPU
		{FBA6C823-03EB-49D9-9577-5C135F8AB89D}.Debug|iPhoneSimulator.ActiveCfg = Debug|Any CPU
		{FBA6C823-03EB-49D9-9577-5C135F8AB89D}.Debug|iPhoneSimulator.Build.0 = Debug|Any CPU
		{FBA6C823-03EB-49D9-9577-5C135F8AB89D}.Debug|iPhoneSimulator.Deploy.0 = Debug|Any CPU
		{FBA6C823-03EB-49D9-9577-5C135F8AB89D}.Debug|x64.ActiveCfg = Debug|Any CPU
		{FBA6C823-03EB-49D9-9577-5C135F8AB89D}.Debug|x64.Build.0 = Debug|Any CPU
		{FBA6C823-03EB-49D9-9577-5C135F8AB89D}.Debug|x64.Deploy.0 = Debug|Any CPU
		{FBA6C823-03EB-49D9-9577-5C135F8AB89D}.Debug|x86.ActiveCfg = Debug|Any CPU
		{FBA6C823-03EB-49D9-9577-5C135F8AB89D}.Debug|x86.Build.0 = Debug|Any CPU
		{FBA6C823-03EB-49D9-9577-5C135F8AB89D}.Debug|x86.Deploy.0 = Debug|Any CPU
		{FBA6C823-03EB-49D9-9577-5C135F8AB89D}.Release|Any CPU.ActiveCfg = Release|Any CPU
		{FBA6C823-03EB-49D9-9577-5C135F8AB89D}.Release|Any CPU.Build.0 = Release|Any CPU
		{FBA6C823-03EB-49D9-9577-5C135F8AB89D}.Release|Any CPU.Deploy.0 = Release|Any CPU
		{FBA6C823-03EB-49D9-9577-5C135F8AB89D}.Release|ARM.ActiveCfg = Release|Any CPU
		{FBA6C823-03EB-49D9-9577-5C135F8AB89D}.Release|ARM.Build.0 = Release|Any CPU
		{FBA6C823-03EB-49D9-9577-5C135F8AB89D}.Release|ARM.Deploy.0 = Release|Any CPU
		{FBA6C823-03EB-49D9-9577-5C135F8AB89D}.Release|iPhone.ActiveCfg = Release|Any CPU
		{FBA6C823-03EB-49D9-9577-5C135F8AB89D}.Release|iPhone.Build.0 = Release|Any CPU
		{FBA6C823-03EB-49D9-9577-5C135F8AB89D}.Release|iPhone.Deploy.0 = Release|Any CPU
		{FBA6C823-03EB-49D9-9577-5C135F8AB89D}.Release|iPhoneSimulator.ActiveCfg = Release|Any CPU
		{FBA6C823-03EB-49D9-9577-5C135F8AB89D}.Release|iPhoneSimulator.Build.0 = Release|Any CPU
		{FBA6C823-03EB-49D9-9577-5C135F8AB89D}.Release|iPhoneSimulator.Deploy.0 = Release|Any CPU
		{FBA6C823-03EB-49D9-9577-5C135F8AB89D}.Release|x64.ActiveCfg = Release|Any CPU
		{FBA6C823-03EB-49D9-9577-5C135F8AB89D}.Release|x64.Build.0 = Release|Any CPU
		{FBA6C823-03EB-49D9-9577-5C135F8AB89D}.Release|x64.Deploy.0 = Release|Any CPU
		{FBA6C823-03EB-49D9-9577-5C135F8AB89D}.Release|x86.ActiveCfg = Release|Any CPU
		{FBA6C823-03EB-49D9-9577-5C135F8AB89D}.Release|x86.Build.0 = Release|Any CPU
		{FBA6C823-03EB-49D9-9577-5C135F8AB89D}.Release|x86.Deploy.0 = Release|Any CPU
		{C0BE3361-1E2C-4D0C-9781-971FCDDD185E}.Debug|Any CPU.ActiveCfg = Debug|iPhone
		{C0BE3361-1E2C-4D0C-9781-971FCDDD185E}.Debug|Any CPU.Build.0 = Debug|iPhone
		{C0BE3361-1E2C-4D0C-9781-971FCDDD185E}.Debug|Any CPU.Deploy.0 = Debug|iPhone
		{C0BE3361-1E2C-4D0C-9781-971FCDDD185E}.Debug|ARM.ActiveCfg = Debug|iPhoneSimulator
		{C0BE3361-1E2C-4D0C-9781-971FCDDD185E}.Debug|ARM.Build.0 = Debug|iPhoneSimulator
		{C0BE3361-1E2C-4D0C-9781-971FCDDD185E}.Debug|ARM.Deploy.0 = Debug|iPhoneSimulator
		{C0BE3361-1E2C-4D0C-9781-971FCDDD185E}.Debug|iPhone.ActiveCfg = Debug|iPhone
		{C0BE3361-1E2C-4D0C-9781-971FCDDD185E}.Debug|iPhone.Build.0 = Debug|iPhone
		{C0BE3361-1E2C-4D0C-9781-971FCDDD185E}.Debug|iPhone.Deploy.0 = Debug|iPhone
		{C0BE3361-1E2C-4D0C-9781-971FCDDD185E}.Debug|iPhoneSimulator.ActiveCfg = Debug|iPhoneSimulator
		{C0BE3361-1E2C-4D0C-9781-971FCDDD185E}.Debug|iPhoneSimulator.Build.0 = Debug|iPhoneSimulator
		{C0BE3361-1E2C-4D0C-9781-971FCDDD185E}.Debug|iPhoneSimulator.Deploy.0 = Debug|iPhoneSimulator
		{C0BE3361-1E2C-4D0C-9781-971FCDDD185E}.Debug|x64.ActiveCfg = Debug|iPhone
		{C0BE3361-1E2C-4D0C-9781-971FCDDD185E}.Debug|x64.Build.0 = Debug|iPhone
		{C0BE3361-1E2C-4D0C-9781-971FCDDD185E}.Debug|x64.Deploy.0 = Debug|iPhone
		{C0BE3361-1E2C-4D0C-9781-971FCDDD185E}.Debug|x86.ActiveCfg = Debug|iPhone
		{C0BE3361-1E2C-4D0C-9781-971FCDDD185E}.Debug|x86.Build.0 = Debug|iPhone
		{C0BE3361-1E2C-4D0C-9781-971FCDDD185E}.Debug|x86.Deploy.0 = Debug|iPhone
		{C0BE3361-1E2C-4D0C-9781-971FCDDD185E}.Release|Any CPU.ActiveCfg = Release|iPhone
		{C0BE3361-1E2C-4D0C-9781-971FCDDD185E}.Release|Any CPU.Build.0 = Release|iPhone
		{C0BE3361-1E2C-4D0C-9781-971FCDDD185E}.Release|Any CPU.Deploy.0 = Release|iPhone
		{C0BE3361-1E2C-4D0C-9781-971FCDDD185E}.Release|ARM.ActiveCfg = Release|iPhone
		{C0BE3361-1E2C-4D0C-9781-971FCDDD185E}.Release|ARM.Build.0 = Release|iPhone
		{C0BE3361-1E2C-4D0C-9781-971FCDDD185E}.Release|ARM.Deploy.0 = Release|iPhone
		{C0BE3361-1E2C-4D0C-9781-971FCDDD185E}.Release|iPhone.ActiveCfg = Release|iPhone
		{C0BE3361-1E2C-4D0C-9781-971FCDDD185E}.Release|iPhone.Build.0 = Release|iPhone
		{C0BE3361-1E2C-4D0C-9781-971FCDDD185E}.Release|iPhone.Deploy.0 = Release|iPhone
		{C0BE3361-1E2C-4D0C-9781-971FCDDD185E}.Release|iPhoneSimulator.ActiveCfg = Release|iPhoneSimulator
		{C0BE3361-1E2C-4D0C-9781-971FCDDD185E}.Release|iPhoneSimulator.Build.0 = Release|iPhoneSimulator
		{C0BE3361-1E2C-4D0C-9781-971FCDDD185E}.Release|iPhoneSimulator.Deploy.0 = Release|iPhoneSimulator
		{C0BE3361-1E2C-4D0C-9781-971FCDDD185E}.Release|x64.ActiveCfg = Release|iPhone
		{C0BE3361-1E2C-4D0C-9781-971FCDDD185E}.Release|x64.Build.0 = Release|iPhone
		{C0BE3361-1E2C-4D0C-9781-971FCDDD185E}.Release|x64.Deploy.0 = Release|iPhone
		{C0BE3361-1E2C-4D0C-9781-971FCDDD185E}.Release|x86.ActiveCfg = Release|iPhone
		{C0BE3361-1E2C-4D0C-9781-971FCDDD185E}.Release|x86.Build.0 = Release|iPhone
		{C0BE3361-1E2C-4D0C-9781-971FCDDD185E}.Release|x86.Deploy.0 = Release|iPhone
		{3CB87240-641A-4F53-AB16-D827FF6BBC20}.Debug|Any CPU.ActiveCfg = Debug|Any CPU
		{3CB87240-641A-4F53-AB16-D827FF6BBC20}.Debug|Any CPU.Build.0 = Debug|Any CPU
		{3CB87240-641A-4F53-AB16-D827FF6BBC20}.Debug|Any CPU.Deploy.0 = Debug|Any CPU
		{3CB87240-641A-4F53-AB16-D827FF6BBC20}.Debug|ARM.ActiveCfg = Debug|Any CPU
		{3CB87240-641A-4F53-AB16-D827FF6BBC20}.Debug|ARM.Build.0 = Debug|Any CPU
		{3CB87240-641A-4F53-AB16-D827FF6BBC20}.Debug|ARM.Deploy.0 = Debug|Any CPU
		{3CB87240-641A-4F53-AB16-D827FF6BBC20}.Debug|iPhone.ActiveCfg = Debug|Any CPU
		{3CB87240-641A-4F53-AB16-D827FF6BBC20}.Debug|iPhone.Build.0 = Debug|Any CPU
		{3CB87240-641A-4F53-AB16-D827FF6BBC20}.Debug|iPhone.Deploy.0 = Debug|Any CPU
		{3CB87240-641A-4F53-AB16-D827FF6BBC20}.Debug|iPhoneSimulator.ActiveCfg = Debug|Any CPU
		{3CB87240-641A-4F53-AB16-D827FF6BBC20}.Debug|iPhoneSimulator.Build.0 = Debug|Any CPU
		{3CB87240-641A-4F53-AB16-D827FF6BBC20}.Debug|iPhoneSimulator.Deploy.0 = Debug|Any CPU
		{3CB87240-641A-4F53-AB16-D827FF6BBC20}.Debug|x64.ActiveCfg = Debug|Any CPU
		{3CB87240-641A-4F53-AB16-D827FF6BBC20}.Debug|x64.Build.0 = Debug|Any CPU
		{3CB87240-641A-4F53-AB16-D827FF6BBC20}.Debug|x64.Deploy.0 = Debug|Any CPU
		{3CB87240-641A-4F53-AB16-D827FF6BBC20}.Debug|x86.ActiveCfg = Debug|Any CPU
		{3CB87240-641A-4F53-AB16-D827FF6BBC20}.Debug|x86.Build.0 = Debug|Any CPU
		{3CB87240-641A-4F53-AB16-D827FF6BBC20}.Debug|x86.Deploy.0 = Debug|Any CPU
		{3CB87240-641A-4F53-AB16-D827FF6BBC20}.Release|Any CPU.ActiveCfg = Release|Any CPU
		{3CB87240-641A-4F53-AB16-D827FF6BBC20}.Release|Any CPU.Build.0 = Release|Any CPU
		{3CB87240-641A-4F53-AB16-D827FF6BBC20}.Release|Any CPU.Deploy.0 = Release|Any CPU
		{3CB87240-641A-4F53-AB16-D827FF6BBC20}.Release|ARM.ActiveCfg = Release|Any CPU
		{3CB87240-641A-4F53-AB16-D827FF6BBC20}.Release|ARM.Build.0 = Release|Any CPU
		{3CB87240-641A-4F53-AB16-D827FF6BBC20}.Release|ARM.Deploy.0 = Release|Any CPU
		{3CB87240-641A-4F53-AB16-D827FF6BBC20}.Release|iPhone.ActiveCfg = Release|Any CPU
		{3CB87240-641A-4F53-AB16-D827FF6BBC20}.Release|iPhone.Build.0 = Release|Any CPU
		{3CB87240-641A-4F53-AB16-D827FF6BBC20}.Release|iPhone.Deploy.0 = Release|Any CPU
		{3CB87240-641A-4F53-AB16-D827FF6BBC20}.Release|iPhoneSimulator.ActiveCfg = Release|Any CPU
		{3CB87240-641A-4F53-AB16-D827FF6BBC20}.Release|iPhoneSimulator.Build.0 = Release|Any CPU
		{3CB87240-641A-4F53-AB16-D827FF6BBC20}.Release|iPhoneSimulator.Deploy.0 = Release|Any CPU
		{3CB87240-641A-4F53-AB16-D827FF6BBC20}.Release|x64.ActiveCfg = Release|Any CPU
		{3CB87240-641A-4F53-AB16-D827FF6BBC20}.Release|x64.Build.0 = Release|Any CPU
		{3CB87240-641A-4F53-AB16-D827FF6BBC20}.Release|x64.Deploy.0 = Release|Any CPU
		{3CB87240-641A-4F53-AB16-D827FF6BBC20}.Release|x86.ActiveCfg = Release|Any CPU
		{3CB87240-641A-4F53-AB16-D827FF6BBC20}.Release|x86.Build.0 = Release|Any CPU
		{3CB87240-641A-4F53-AB16-D827FF6BBC20}.Release|x86.Deploy.0 = Release|Any CPU
	EndGlobalSection
	GlobalSection(SolutionProperties) = preSolution
		HideSolutionNode = FALSE
	EndGlobalSection
	GlobalSection(ExtensibilityGlobals) = postSolution
		SolutionGuid = {947C04FB-616A-4C79-96AF-8E52355A2F38}
	EndGlobalSection
EndGlobal
